
Microsoft Visual Studio Solution File, Format Version 12.00
# Visual Studio Version 17
VisualStudioVersion = 17.1.32328.378
MinimumVisualStudioVersion = 10.0.40219.1
Project("{9A19103F-16F7-4668-BE54-9A1E7A4F7556}") = "BillingApp_assemblies", "BillingApp_assemblies.csproj", "{4657E4B1-D6F5-485C-9205-A27056519A13}"
EndProject
Global
	GlobalSection(SolutionConfigurationPlatforms) = preSolution
		Debug|Any CPU = Debug|Any CPU
		Release|Any CPU = Release|Any CPU
	EndGlobalSection
	GlobalSection(ProjectConfigurationPlatforms) = postSolution
		{4657E4B1-D6F5-485C-9205-A27056519A13}.Debug|Any CPU.ActiveCfg = Debug|Any CPU
		{4657E4B1-D6F5-485C-9205-A27056519A13}.Debug|Any CPU.Build.0 = Debug|Any CPU
		{4657E4B1-D6F5-485C-9205-A27056519A13}.Release|Any CPU.ActiveCfg = Release|Any CPU
		{4657E4B1-D6F5-485C-9205-A27056519A13}.Release|Any CPU.Build.0 = Release|Any CPU
	EndGlobalSection
	GlobalSection(SolutionProperties) = preSolution
		HideSolutionNode = FALSE
	EndGlobalSection
	GlobalSection(ExtensibilityGlobals) = postSolution
		SolutionGuid = {1FE0150C-89BE-4500-B094-9EA36855A9E0}
	EndGlobalSection
EndGlobal
